// !$*UTF8*$!
{
	archiveVersion = 1;
	classes = {
	};
	objectVersion = 55;
	objects = {

/* Begin PBXBuildFile section */
		F73CB0AF27D238BF003AC0D7 /* AppDelegate.swift in Sources */ = {isa = PBXBuildFile; fileRef = F73CB0AE27D238BF003AC0D7 /* AppDelegate.swift */; };
		F73CB0B127D238BF003AC0D7 /* SceneDelegate.swift in Sources */ = {isa = PBXBuildFile; fileRef = F73CB0B027D238BF003AC0D7 /* SceneDelegate.swift */; };
		F73CB0B327D238BF003AC0D7 /* ConversationsViewController.swift in Sources */ = {isa = PBXBuildFile; fileRef = F73CB0B227D238BF003AC0D7 /* ConversationsViewController.swift */; };
		F73CB0B627D238BF003AC0D7 /* Main.storyboard in Resources */ = {isa = PBXBuildFile; fileRef = F73CB0B427D238BF003AC0D7 /* Main.storyboard */; };
		F73CB0B827D238C0003AC0D7 /* Assets.xcassets in Resources */ = {isa = PBXBuildFile; fileRef = F73CB0B727D238C0003AC0D7 /* Assets.xcassets */; };
		F73CB0BB27D238C0003AC0D7 /* LaunchScreen.storyboard in Resources */ = {isa = PBXBuildFile; fileRef = F73CB0B927D238C0003AC0D7 /* LaunchScreen.storyboard */; };
		F73CB0D527D23EF8003AC0D7 /* LoginViewController.swift in Sources */ = {isa = PBXBuildFile; fileRef = F73CB0D427D23EF8003AC0D7 /* LoginViewController.swift */; };
		F73CB0D727D23F04003AC0D7 /* RegisterViewController.swift in Sources */ = {isa = PBXBuildFile; fileRef = F73CB0D627D23F04003AC0D7 /* RegisterViewController.swift */; };
		F73CB0D927D23F11003AC0D7 /* ProfileViewController.swift in Sources */ = {isa = PBXBuildFile; fileRef = F73CB0D827D23F11003AC0D7 /* ProfileViewController.swift */; };
		F73CB0DB27D23F26003AC0D7 /* NewConversationViewController.swift in Sources */ = {isa = PBXBuildFile; fileRef = F73CB0DA27D23F26003AC0D7 /* NewConversationViewController.swift */; };
		F73CB0DD27D23F32003AC0D7 /* PhotoViewerViewController.swift in Sources */ = {isa = PBXBuildFile; fileRef = F73CB0DC27D23F32003AC0D7 /* PhotoViewerViewController.swift */; };
		F73CB0DF27D23F43003AC0D7 /* VideoPlayerViewController.swift in Sources */ = {isa = PBXBuildFile; fileRef = F73CB0DE27D23F43003AC0D7 /* VideoPlayerViewController.swift */; };
/* End PBXBuildFile section */

/* Begin PBXFileReference section */
		F73CB0AB27D238BF003AC0D7 /* Messenger.app */ = {isa = PBXFileReference; explicitFileType = wrapper.application; includeInIndex = 0; path = Messenger.app; sourceTree = BUILT_PRODUCTS_DIR; };
		F73CB0AE27D238BF003AC0D7 /* AppDelegate.swift */ = {isa = PBXFileReference; lastKnownFileType = sourcecode.swift; path = AppDelegate.swift; sourceTree = "<group>"; };
		F73CB0B027D238BF003AC0D7 /* SceneDelegate.swift */ = {isa = PBXFileReference; lastKnownFileType = sourcecode.swift; path = SceneDelegate.swift; sourceTree = "<group>"; };
		F73CB0B227D238BF003AC0D7 /* ConversationsViewController.swift */ = {isa = PBXFileReference; lastKnownFileType = sourcecode.swift; path = ConversationsViewController.swift; sourceTree = "<group>"; };
		F73CB0B527D238BF003AC0D7 /* Base */ = {isa = PBXFileReference; lastKnownFileType = file.storyboard; name = Base; path = Base.lproj/Main.storyboard; sourceTree = "<group>"; };
		F73CB0B727D238C0003AC0D7 /* Assets.xcassets */ = {isa = PBXFileReference; lastKnownFileType = folder.assetcatalog; path = Assets.xcassets; sourceTree = "<group>"; };
		F73CB0BA27D238C0003AC0D7 /* Base */ = {isa = PBXFileReference; lastKnownFileType = file.storyboard; name = Base; path = Base.lproj/LaunchScreen.storyboard; sourceTree = "<group>"; };
		F73CB0BC27D238C0003AC0D7 /* Info.plist */ = {isa = PBXFileReference; lastKnownFileType = text.plist.xml; path = Info.plist; sourceTree = "<group>"; };
		F73CB0D427D23EF8003AC0D7 /* LoginViewController.swift */ = {isa = PBXFileReference; lastKnownFileType = sourcecode.swift; path = LoginViewController.swift; sourceTree = "<group>"; };
		F73CB0D627D23F04003AC0D7 /* RegisterViewController.swift */ = {isa = PBXFileReference; lastKnownFileType = sourcecode.swift; path = RegisterViewController.swift; sourceTree = "<group>"; };
		F73CB0D827D23F11003AC0D7 /* ProfileViewController.swift */ = {isa = PBXFileReference; lastKnownFileType = sourcecode.swift; path = ProfileViewController.swift; sourceTree = "<group>"; };
		F73CB0DA27D23F26003AC0D7 /* NewConversationViewController.swift */ = {isa = PBXFileReference; lastKnownFileType = sourcecode.swift; path = NewConversationViewController.swift; sourceTree = "<group>"; };
		F73CB0DC27D23F32003AC0D7 /* PhotoViewerViewController.swift */ = {isa = PBXFileReference; lastKnownFileType = sourcecode.swift; path = PhotoViewerViewController.swift; sourceTree = "<group>"; };
		F73CB0DE27D23F43003AC0D7 /* VideoPlayerViewController.swift */ = {isa = PBXFileReference; lastKnownFileType = sourcecode.swift; path = VideoPlayerViewController.swift; sourceTree = "<group>"; };
/* End PBXFileReference section */

/* Begin PBXFrameworksBuildPhase section */
		F73CB0A827D238BF003AC0D7 /* Frameworks */ = {
			isa = PBXFrameworksBuildPhase;
			buildActionMask = 2147483647;
			files = (
			);
			runOnlyForDeploymentPostprocessing = 0;
		};
/* End PBXFrameworksBuildPhase section */

/* Begin PBXGroup section */
		F73CB0A227D238BF003AC0D7 = {
			isa = PBXGroup;
			children = (
				F73CB0AD27D238BF003AC0D7 /* Messenger */,
				F73CB0AC27D238BF003AC0D7 /* Products */,
			);
			sourceTree = "<group>";
		};
		F73CB0AC27D238BF003AC0D7 /* Products */ = {
			isa = PBXGroup;
			children = (
				F73CB0AB27D238BF003AC0D7 /* Messenger.app */,
			);
			name = Products;
			sourceTree = "<group>";
		};
		F73CB0AD27D238BF003AC0D7 /* Messenger */ = {
			isa = PBXGroup;
			children = (
				F73CB0C627D23B40003AC0D7 /* Resources */,
				F73CB0C527D23B15003AC0D7 /* ViewModels */,
				F73CB0C427D23B0A003AC0D7 /* Models */,
				F73CB0C327D23B02003AC0D7 /* Views */,
				F73CB0C227D23AF8003AC0D7 /* Controllers */,
				F73CB0BC27D238C0003AC0D7 /* Info.plist */,
			);
			path = Messenger;
			sourceTree = "<group>";
		};
		F73CB0C227D23AF8003AC0D7 /* Controllers */ = {
			isa = PBXGroup;
			children = (
				F73CB0B227D238BF003AC0D7 /* ConversationsViewController.swift */,
				F73CB0D427D23EF8003AC0D7 /* LoginViewController.swift */,
				F73CB0D627D23F04003AC0D7 /* RegisterViewController.swift */,
				F73CB0D827D23F11003AC0D7 /* ProfileViewController.swift */,
				F73CB0DA27D23F26003AC0D7 /* NewConversationViewController.swift */,
				F73CB0DC27D23F32003AC0D7 /* PhotoViewerViewController.swift */,
				F73CB0DE27D23F43003AC0D7 /* VideoPlayerViewController.swift */,
			);
			path = Controllers;
			sourceTree = "<group>";
		};
		F73CB0C327D23B02003AC0D7 /* Views */ = {
			isa = PBXGroup;
			children = (
				F73CB0C727D23C1B003AC0D7 /* Storyboards */,
				F73CB0B727D238C0003AC0D7 /* Assets.xcassets */,
			);
			path = Views;
			sourceTree = "<group>";
		};
		F73CB0C427D23B0A003AC0D7 /* Models */ = {
			isa = PBXGroup;
			children = (
			);
			path = Models;
			sourceTree = "<group>";
		};
		F73CB0C527D23B15003AC0D7 /* ViewModels */ = {
			isa = PBXGroup;
			children = (
			);
			path = ViewModels;
			sourceTree = "<group>";
		};
		F73CB0C627D23B40003AC0D7 /* Resources */ = {
			isa = PBXGroup;
			children = (
				F73CB0AE27D238BF003AC0D7 /* AppDelegate.swift */,
				F73CB0B027D238BF003AC0D7 /* SceneDelegate.swift */,
			);
			path = Resources;
			sourceTree = "<group>";
		};
		F73CB0C727D23C1B003AC0D7 /* Storyboards */ = {
			isa = PBXGroup;
			children = (
				F73CB0B427D238BF003AC0D7 /* Main.storyboard */,
				F73CB0B927D238C0003AC0D7 /* LaunchScreen.storyboard */,
			);
			path = Storyboards;
			sourceTree = "<group>";
		};
/* End PBXGroup section */

/* Begin PBXNativeTarget section */
		F73CB0AA27D238BF003AC0D7 /* Messenger */ = {
			isa = PBXNativeTarget;
			buildConfigurationList = F73CB0BF27D238C0003AC0D7 /* Build configuration list for PBXNativeTarget "Messenger" */;
			buildPhases = (
				F73CB0A727D238BF003AC0D7 /* Sources */,
				F73CB0A827D238BF003AC0D7 /* Frameworks */,
				F73CB0A927D238BF003AC0D7 /* Resources */,
			);
			buildRules = (
			);
			dependencies = (
			);
			name = Messenger;
			productName = Messenger;
			productReference = F73CB0AB27D238BF003AC0D7 /* Messenger.app */;
			productType = "com.apple.product-type.application";
		};
/* End PBXNativeTarget section */

/* Begin PBXProject section */
		F73CB0A327D238BF003AC0D7 /* Project object */ = {
			isa = PBXProject;
			attributes = {
				BuildIndependentTargetsInParallel = 1;
				LastSwiftUpdateCheck = 1320;
				LastUpgradeCheck = 1320;
				TargetAttributes = {
					F73CB0AA27D238BF003AC0D7 = {
						CreatedOnToolsVersion = 13.2.1;
					};
				};
			};
			buildConfigurationList = F73CB0A627D238BF003AC0D7 /* Build configuration list for PBXProject "Messenger" */;
			compatibilityVersion = "Xcode 13.0";
			developmentRegion = en;
			hasScannedForEncodings = 0;
			knownRegions = (
				en,
				Base,
			);
			mainGroup = F73CB0A227D238BF003AC0D7;
			productRefGroup = F73CB0AC27D238BF003AC0D7 /* Products */;
			projectDirPath = "";
			projectRoot = "";
			targets = (
				F73CB0AA27D238BF003AC0D7 /* Messenger */,
			);
		};
/* End PBXProject section */

/* Begin PBXResourcesBuildPhase section */
		F73CB0A927D238BF003AC0D7 /* Resources */ = {
			isa = PBXResourcesBuildPhase;
			buildActionMask = 2147483647;
			files = (
				F73CB0BB27D238C0003AC0D7 /* LaunchScreen.storyboard in Resources */,
				F73CB0B827D238C0003AC0D7 /* Assets.xcassets in Resources */,
				F73CB0B627D238BF003AC0D7 /* Main.storyboard in Resources */,
			);
			runOnlyForDeploymentPostprocessing = 0;
		};
/* End PBXResourcesBuildPhase section */

/* Begin PBXSourcesBuildPhase section */
		F73CB0A727D238BF003AC0D7 /* Sources */ = {
			isa = PBXSourcesBuildPhase;
			buildActionMask = 2147483647;
			files = (
				F73CB0D927D23F11003AC0D7 /* ProfileViewController.swift in Sources */,
				F73CB0DB27D23F26003AC0D7 /* NewConversationViewController.swift in Sources */,
				F73CB0D527D23EF8003AC0D7 /* LoginViewController.swift in Sources */,
				F73CB0DF27D23F43003AC0D7 /* VideoPlayerViewController.swift in Sources */,
				F73CB0D727D23F04003AC0D7 /* RegisterViewController.swift in Sources */,
				F73CB0B327D238BF003AC0D7 /* ConversationsViewController.swift in Sources */,
				F73CB0DD27D23F32003AC0D7 /* PhotoViewerViewController.swift in Sources */,
				F73CB0AF27D238BF003AC0D7 /* AppDelegate.swift in Sources */,
				F73CB0B127D238BF003AC0D7 /* SceneDelegate.swift in Sources */,
			);
			runOnlyForDeploymentPostprocessing = 0;
		};
/* End PBXSourcesBuildPhase section */

/* Begin PBXVariantGroup section */
		F73CB0B427D238BF003AC0D7 /* Main.storyboard */ = {
			isa = PBXVariantGroup;
			children = (
				F73CB0B527D238BF003AC0D7 /* Base */,
			);
			name = Main.storyboard;
			sourceTree = "<group>";
		};
		F73CB0B927D238C0003AC0D7 /* LaunchScreen.storyboard */ = {
			isa = PBXVariantGroup;
			children = (
				F73CB0BA27D238C0003AC0D7 /* Base */,
			);
			name = LaunchScreen.storyboard;
			sourceTree = "<group>";
		};
/* End PBXVariantGroup section */

/* Begin XCBuildConfiguration section */
		F73CB0BD27D238C0003AC0D7 /* Debug */ = {
			isa = XCBuildConfiguration;
			buildSettings = {
				ALWAYS_SEARCH_USER_PATHS = NO;
				CLANG_ANALYZER_NONNULL = YES;
				CLANG_ANALYZER_NUMBER_OBJECT_CONVERSION = YES_AGGRESSIVE;
				CLANG_CXX_LANGUAGE_STANDARD = "gnu++17";
				CLANG_CXX_LIBRARY = "libc++";
				CLANG_ENABLE_MODULES = YES;
				CLANG_ENABLE_OBJC_ARC = YES;
				CLANG_ENABLE_OBJC_WEAK = YES;
				CLANG_WARN_BLOCK_CAPTURE_AUTORELEASING = YES;
				CLANG_WARN_BOOL_CONVERSION = YES;
				CLANG_WARN_COMMA = YES;
				CLANG_WARN_CONSTANT_CONVERSION = YES;
				CLANG_WARN_DEPRECATED_OBJC_IMPLEMENTATIONS = YES;
				CLANG_WARN_DIRECT_OBJC_ISA_USAGE = YES_ERROR;
				CLANG_WARN_DOCUMENTATION_COMMENTS = YES;
				CLANG_WARN_EMPTY_BODY = YES;
				CLANG_WARN_ENUM_CONVERSION = YES;
				CLANG_WARN_INFINITE_RECURSION = YES;
				CLANG_WARN_INT_CONVERSION = YES;
				CLANG_WARN_NON_LITERAL_NULL_CONVERSION = YES;
				CLANG_WARN_OBJC_IMPLICIT_RETAIN_SELF = YES;
				CLANG_WARN_OBJC_LITERAL_CONVERSION = YES;
				CLANG_WARN_OBJC_ROOT_CLASS = YES_ERROR;
				CLANG_WARN_QUOTED_INCLUDE_IN_FRAMEWORK_HEADER = YES;
				CLANG_WARN_RANGE_LOOP_ANALYSIS = YES;
				CLANG_WARN_STRICT_PROTOTYPES = YES;
				CLANG_WARN_SUSPICIOUS_MOVE = YES;
				CLANG_WARN_UNGUARDED_AVAILABILITY = YES_AGGRESSIVE;
				CLANG_WARN_UNREACHABLE_CODE = YES;
				CLANG_WARN__DUPLICATE_METHOD_MATCH = YES;
				COPY_PHASE_STRIP = NO;
				DEBUG_INFORMATION_FORMAT = dwarf;
				ENABLE_STRICT_OBJC_MSGSEND = YES;
				ENABLE_TESTABILITY = YES;
				GCC_C_LANGUAGE_STANDARD = gnu11;
				GCC_DYNAMIC_NO_PIC = NO;
				GCC_NO_COMMON_BLOCKS = YES;
				GCC_OPTIMIZATION_LEVEL = 0;
				GCC_PREPROCESSOR_DEFINITIONS = (
					"DEBUG=1",
					"$(inherited)",
				);
				GCC_WARN_64_TO_32_BIT_CONVERSION = YES;
				GCC_WARN_ABOUT_RETURN_TYPE = YES_ERROR;
				GCC_WARN_UNDECLARED_SELECTOR = YES;
				GCC_WARN_UNINITIALIZED_AUTOS = YES_AGGRESSIVE;
				GCC_WARN_UNUSED_FUNCTION = YES;
				GCC_WARN_UNUSED_VARIABLE = YES;
				IPHONEOS_DEPLOYMENT_TARGET = 15.2;
				MTL_ENABLE_DEBUG_INFO = INCLUDE_SOURCE;
				MTL_FAST_MATH = YES;
				ONLY_ACTIVE_ARCH = YES;
				SDKROOT = iphoneos;
				SWIFT_ACTIVE_COMPILATION_CONDITIONS = DEBUG;
				SWIFT_OPTIMIZATION_LEVEL = "-Onone";
			};
			name = Debug;
		};
		F73CB0BE27D238C0003AC0D7 /* Release */ = {
			isa = XCBuildConfiguration;
			buildSettings = {
				ALWAYS_SEARCH_USER_PATHS = NO;
				CLANG_ANALYZER_NONNULL = YES;
				CLANG_ANALYZER_NUMBER_OBJECT_CONVERSION = YES_AGGRESSIVE;
				CLANG_CXX_LANGUAGE_STANDARD = "gnu++17";
				CLANG_CXX_LIBRARY = "libc++";
				CLANG_ENABLE_MODULES = YES;
				CLANG_ENABLE_OBJC_ARC = YES;
				CLANG_ENABLE_OBJC_WEAK = YES;
				CLANG_WARN_BLOCK_CAPTURE_AUTORELEASING = YES;
				CLANG_WARN_BOOL_CONVERSION = YES;
				CLANG_WARN_COMMA = YES;
				CLANG_WARN_CONSTANT_CONVERSION = YES;
				CLANG_WARN_DEPRECATED_OBJC_IMPLEMENTATIONS = YES;
				CLANG_WARN_DIRECT_OBJC_ISA_USAGE = YES_ERROR;
				CLANG_WARN_DOCUMENTATION_COMMENTS = YES;
				CLANG_WARN_EMPTY_BODY = YES;
				CLANG_WARN_ENUM_CONVERSION = YES;
				CLANG_WARN_INFINITE_RECURSION = YES;
				CLANG_WARN_INT_CONVERSION = YES;
				CLANG_WARN_NON_LITERAL_NULL_CONVERSION = YES;
				CLANG_WARN_OBJC_IMPLICIT_RETAIN_SELF = YES;
				CLANG_WARN_OBJC_LITERAL_CONVERSION = YES;
				CLANG_WARN_OBJC_ROOT_CLASS = YES_ERROR;
				CLANG_WARN_QUOTED_INCLUDE_IN_FRAMEWORK_HEADER = YES;
				CLANG_WARN_RANGE_LOOP_ANALYSIS = YES;
				CLANG_WARN_STRICT_PROTOTYPES = YES;
				CLANG_WARN_SUSPICIOUS_MOVE = YES;
				CLANG_WARN_UNGUARDED_AVAILABILITY = YES_AGGRESSIVE;
				CLANG_WARN_UNREACHABLE_CODE = YES;
				CLANG_WARN__DUPLICATE_METHOD_MATCH = YES;
				COPY_PHASE_STRIP = NO;
				DEBUG_INFORMATION_FORMAT = "dwarf-with-dsym";
				ENABLE_NS_ASSERTIONS = NO;
				ENABLE_STRICT_OBJC_MSGSEND = YES;
				GCC_C_LANGUAGE_STANDARD = gnu11;
				GCC_NO_COMMON_BLOCKS = YES;
				GCC_WARN_64_TO_32_BIT_CONVERSION = YES;
				GCC_WARN_ABOUT_RETURN_TYPE = YES_ERROR;
				GCC_WARN_UNDECLARED_SELECTOR = YES;
				GCC_WARN_UNINITIALIZED_AUTOS = YES_AGGRESSIVE;
				GCC_WARN_UNUSED_FUNCTION = YES;
				GCC_WARN_UNUSED_VARIABLE = YES;
				IPHONEOS_DEPLOYMENT_TARGET = 15.2;
				MTL_ENABLE_DEBUG_INFO = NO;
				MTL_FAST_MATH = YES;
				SDKROOT = iphoneos;
				SWIFT_COMPILATION_MODE = wholemodule;
				SWIFT_OPTIMIZATION_LEVEL = "-O";
				VALIDATE_PRODUCT = YES;
			};
			name = Release;
		};
		F73CB0C027D238C0003AC0D7 /* Debug */ = {
			isa = XCBuildConfiguration;
			buildSettings = {
				ASSETCATALOG_COMPILER_APPICON_NAME = AppIcon;
				ASSETCATALOG_COMPILER_GLOBAL_ACCENT_COLOR_NAME = AccentColor;
				CODE_SIGN_STYLE = Automatic;
				CURRENT_PROJECT_VERSION = 1;
				DEVELOPMENT_TEAM = FQA693L7V4;
				GENERATE_INFOPLIST_FILE = YES;
				INFOPLIST_FILE = Messenger/Info.plist;
				INFOPLIST_KEY_UIApplicationSupportsIndirectInputEvents = YES;
				INFOPLIST_KEY_UILaunchStoryboardName = LaunchScreen;
				INFOPLIST_KEY_UIMainStoryboardFile = Main;
				INFOPLIST_KEY_UISupportedInterfaceOrientations = UIInterfaceOrientationPortrait;
				INFOPLIST_KEY_UISupportedInterfaceOrientations_iPad = "UIInterfaceOrientationPortrait UIInterfaceOrientationPortraitUpsideDown UIInterfaceOrientationLandscapeLeft UIInterfaceOrientationLandscapeRight";
				INFOPLIST_KEY_UISupportedInterfaceOrientations_iPhone = "UIInterfaceOrientationPortrait UIInterfaceOrientationLandscapeLeft UIInterfaceOrientationLandscapeRight";
				LD_RUNPATH_SEARCH_PATHS = (
					"$(inherited)",
					"@executable_path/Frameworks",
				);
				MARKETING_VERSION = 1.0;
				PRODUCT_BUNDLE_IDENTIFIER = pk.codebase.Messenger;
				PRODUCT_NAME = "$(TARGET_NAME)";
				SWIFT_EMIT_LOC_STRINGS = YES;
				SWIFT_VERSION = 5.0;
				TARGETED_DEVICE_FAMILY = "1,2";
			};
			name = Debug;
		};
		F73CB0C127D238C0003AC0D7 /* Release */ = {
			isa = XCBuildConfiguration;
			buildSettings = {
				ASSETCATALOG_COMPILER_APPICON_NAME = AppIcon;
				ASSETCATALOG_COMPILER_GLOBAL_ACCENT_COLOR_NAME = AccentColor;
				CODE_SIGN_STYLE = Automatic;
				CURRENT_PROJECT_VERSION = 1;
				DEVELOPMENT_TEAM = FQA693L7V4;
				GENERATE_INFOPLIST_FILE = YES;
				INFOPLIST_FILE = Messenger/Info.plist;
				INFOPLIST_KEY_UIApplicationSupportsIndirectInputEvents = YES;
				INFOPLIST_KEY_UILaunchStoryboardName = LaunchScreen;
				INFOPLIST_KEY_UIMainStoryboardFile = Main;
				INFOPLIST_KEY_UISupportedInterfaceOrientations = UIInterfaceOrientationPortrait;
				INFOPLIST_KEY_UISupportedInterfaceOrientations_iPad = "UIInterfaceOrientationPortrait UIInterfaceOrientationPortraitUpsideDown UIInterfaceOrientationLandscapeLeft UIInterfaceOrientationLandscapeRight";
				INFOPLIST_KEY_UISupportedInterfaceOrientations_iPhone = "UIInterfaceOrientationPortrait UIInterfaceOrientationLandscapeLeft UIInterfaceOrientationLandscapeRight";
				LD_RUNPATH_SEARCH_PATHS = (
					"$(inherited)",
					"@executable_path/Frameworks",
				);
				MARKETING_VERSION = 1.0;
				PRODUCT_BUNDLE_IDENTIFIER = pk.codebase.Messenger;
				PRODUCT_NAME = "$(TARGET_NAME)";
				SWIFT_EMIT_LOC_STRINGS = YES;
				SWIFT_VERSION = 5.0;
				TARGETED_DEVICE_FAMILY = "1,2";
			};
			name = Release;
		};
/* End XCBuildConfiguration section */

/* Begin XCConfigurationList section */
		F73CB0A627D238BF003AC0D7 /* Build configuration list for PBXProject "Messenger" */ = {
			isa = XCConfigurationList;
			buildConfigurations = (
				F73CB0BD27D238C0003AC0D7 /* Debug */,
				F73CB0BE27D238C0003AC0D7 /* Release */,
			);
			defaultConfigurationIsVisible = 0;
			defaultConfigurationName = Release;
		};
		F73CB0BF27D238C0003AC0D7 /* Build configuration list for PBXNativeTarget "Messenger" */ = {
			isa = XCConfigurationList;
			buildConfigurations = (
				F73CB0C027D238C0003AC0D7 /* Debug */,
				F73CB0C127D238C0003AC0D7 /* Release */,
			);
			defaultConfigurationIsVisible = 0;
			defaultConfigurationName = Release;
		};
/* End XCConfigurationList section */
	};
	rootObject = F73CB0A327D238BF003AC0D7 /* Project object */;
}
